{
  "name": "@enterprise-contract/regp-antora-extension",
  "version": "0.0.0",
  "lockfileVersion": 3,
  "requires": true,
  "packages": {
    "": {
      "name": "@enterprise-contract/rego-antora-extension",
      "version": "0.0.0",
      "license": "Apache-2.0",
      "engines": {
        "node": ">=18.0.0"
      }
    }
  }
}
