# Copyright The Conforma Contributors
#
# Licensed under the Apache License, Version 2.0 (the "License");
# you may not use this file except in compliance with the License.
# You may obtain a copy of the License at
#
#      http://www.apache.org/licenses/LICENSE-2.0
#
# Unless required by applicable law or agreed to in writing, software
# distributed under the License is distributed on an "AS IS" BASIS,
# WITHOUT WARRANTIES OR CONDITIONS OF ANY KIND, either express or implied.
# See the License for the specific language governing permissions and
# limitations under the License.
#
# SPDX-License-Identifier: Apache-2.0
#
# This file is generated by hack/update-rpm-lock.sh
---
lockfileVersion: 1
lockfileVendor: redhat
arches:
- arch: aarch64
  packages:
  - url: https://cdn-ubi.redhat.com/content/public/ubi/dist/ubi9/9/aarch64/appstream/os/Packages/j/jq-1.6-15.el9.aarch64.rpm
    repoid: ubi-9-for-aarch64-appstream-rpms
    size: 187128
    checksum: sha256:e21b572bcb332664bb342fe53d5ced4714ccd5008f2170049ef77fa2162183a0
    name: jq
    evr: 1.6-15.el9
    sourcerpm: jq-1.6-15.el9.src.rpm
  - url: https://cdn-ubi.redhat.com/content/public/ubi/dist/ubi9/9/aarch64/appstream/os/Packages/o/oniguruma-6.9.6-1.el9.5.aarch64.rpm
    repoid: ubi-9-for-aarch64-appstream-rpms
    size: 222582
    checksum: sha256:bc2305dad655ddb94f966158112efd6cefa6824d5aa2e80f63881f16cee74598
    name: oniguruma
    evr: 6.9.6-1.el9.5
    sourcerpm: oniguruma-6.9.6-1.el9.5.src.rpm
  - url: https://cdn-ubi.redhat.com/content/public/ubi/dist/ubi9/9/aarch64/baseos/os/Packages/g/gzip-1.12-1.el9.aarch64.rpm
    repoid: ubi-9-for-aarch64-baseos-rpms
    size: 169809
    checksum: sha256:45710df49b439ddc4a2848fd3877367761b574234ae28b6be46f1cf54f3fcdca
    name: gzip
    evr: 1.12-1.el9
    sourcerpm: gzip-1.12-1.el9.src.rpm
  source:
  - url: https://cdn-ubi.redhat.com/content/public/ubi/dist/ubi9/9/aarch64/appstream/source/SRPMS/Packages/j/jq-1.6-15.el9.src.rpm
    repoid: ubi-9-for-aarch64-appstream-source-rpms
    size: 1472643
    checksum: sha256:0a24a71d0f1ceab183d903f840a6c548e6868cd3f67ea794e57108c313321553
    name: jq
    evr: 1.6-15.el9
  - url: https://cdn-ubi.redhat.com/content/public/ubi/dist/ubi9/9/aarch64/appstream/source/SRPMS/Packages/o/oniguruma-6.9.6-1.el9.5.src.rpm
    repoid: ubi-9-for-aarch64-appstream-source-rpms
    size: 934541
    checksum: sha256:cba17754ccaffd886995aec7f152aadbc5d9932a2a2cdf1d983291c7b2838404
    name: oniguruma
    evr: 6.9.6-1.el9.5
  - url: https://cdn-ubi.redhat.com/content/public/ubi/dist/ubi9/9/aarch64/baseos/source/SRPMS/Packages/g/gzip-1.12-1.el9.src.rpm
    repoid: ubi-9-for-aarch64-baseos-source-rpms
    size: 856147
    checksum: sha256:a05f582ec42e89258ee5e10af96dee4300bcb2a6a69a76bfb5b46f79e6a6a47b
    name: gzip
    evr: 1.12-1.el9
  module_metadata: []
- arch: ppc64le
  packages:
  - url: https://cdn-ubi.redhat.com/content/public/ubi/dist/ubi9/9/ppc64le/appstream/os/Packages/j/jq-1.6-15.el9.ppc64le.rpm
    repoid: ubi-9-for-ppc64le-appstream-rpms
    size: 207041
    checksum: sha256:f1e01ff06dee639c707ff605d9566b8dd9a962bd61845ce2fcdb426dfcb007c6
    name: jq
    evr: 1.6-15.el9
    sourcerpm: jq-1.6-15.el9.src.rpm
  - url: https://cdn-ubi.redhat.com/content/public/ubi/dist/ubi9/9/ppc64le/appstream/os/Packages/o/oniguruma-6.9.6-1.el9.5.ppc64le.rpm
    repoid: ubi-9-for-ppc64le-appstream-rpms
    size: 246370
    checksum: sha256:0b700ed36523819c0dd5066cf5835c7ffb3691dbc13657e3f49acc71635fd6a6
    name: oniguruma
    evr: 6.9.6-1.el9.5
    sourcerpm: oniguruma-6.9.6-1.el9.5.src.rpm
  - url: https://cdn-ubi.redhat.com/content/public/ubi/dist/ubi9/9/ppc64le/baseos/os/Packages/g/gzip-1.12-1.el9.ppc64le.rpm
    repoid: ubi-9-for-ppc64le-baseos-rpms
    size: 175705
    checksum: sha256:55b983f08d8b2a0741b07f114cdba89a8ecb207064c001e90e4c76a13836d458
    name: gzip
    evr: 1.12-1.el9
    sourcerpm: gzip-1.12-1.el9.src.rpm
  source:
  - url: https://cdn-ubi.redhat.com/content/public/ubi/dist/ubi9/9/ppc64le/appstream/source/SRPMS/Packages/j/jq-1.6-15.el9.src.rpm
    repoid: ubi-9-for-ppc64le-appstream-source-rpms
    size: 1472643
    checksum: sha256:0a24a71d0f1ceab183d903f840a6c548e6868cd3f67ea794e57108c313321553
    name: jq
    evr: 1.6-15.el9
  - url: https://cdn-ubi.redhat.com/content/public/ubi/dist/ubi9/9/ppc64le/appstream/source/SRPMS/Packages/o/oniguruma-6.9.6-1.el9.5.src.rpm
    repoid: ubi-9-for-ppc64le-appstream-source-rpms
    size: 934541
    checksum: sha256:cba17754ccaffd886995aec7f152aadbc5d9932a2a2cdf1d983291c7b2838404
    name: oniguruma
    evr: 6.9.6-1.el9.5
  - url: https://cdn-ubi.redhat.com/content/public/ubi/dist/ubi9/9/ppc64le/baseos/source/SRPMS/Packages/g/gzip-1.12-1.el9.src.rpm
    repoid: ubi-9-for-ppc64le-baseos-source-rpms
    size: 856147
    checksum: sha256:a05f582ec42e89258ee5e10af96dee4300bcb2a6a69a76bfb5b46f79e6a6a47b
    name: gzip
    evr: 1.12-1.el9
  module_metadata: []
- arch: x86_64
  packages:
  - url: https://cdn-ubi.redhat.com/content/public/ubi/dist/ubi9/9/x86_64/appstream/os/Packages/j/jq-1.6-15.el9.x86_64.rpm
    repoid: ubi-9-for-x86_64-appstream-rpms
    size: 194271
    checksum: sha256:d3157267cce88006c2ad3327ea7eb8983bea6f69327c157228b89814a3c473ae
    name: jq
    evr: 1.6-15.el9
    sourcerpm: jq-1.6-15.el9.src.rpm
  - url: https://cdn-ubi.redhat.com/content/public/ubi/dist/ubi9/9/x86_64/appstream/os/Packages/o/oniguruma-6.9.6-1.el9.5.x86_64.rpm
    repoid: ubi-9-for-x86_64-appstream-rpms
    size: 226331
    checksum: sha256:6c884cc2216e5b4699ebd8cde27b39e99532520b367f645ed6cc660d081916dc
    name: oniguruma
    evr: 6.9.6-1.el9.5
    sourcerpm: oniguruma-6.9.6-1.el9.5.src.rpm
  - url: https://cdn-ubi.redhat.com/content/public/ubi/dist/ubi9/9/x86_64/baseos/os/Packages/g/gzip-1.12-1.el9.x86_64.rpm
    repoid: ubi-9-for-x86_64-baseos-rpms
    size: 171206
    checksum: sha256:c8b3e0414d55b1eedb0185a564ac6cb2368bee2fd5f995447d045f6a714488ac
    name: gzip
    evr: 1.12-1.el9
    sourcerpm: gzip-1.12-1.el9.src.rpm
  source:
  - url: https://cdn-ubi.redhat.com/content/public/ubi/dist/ubi9/9/x86_64/appstream/source/SRPMS/Packages/j/jq-1.6-15.el9.src.rpm
    repoid: ubi-9-for-x86_64-appstream-source-rpms
    size: 1472643
    checksum: sha256:0a24a71d0f1ceab183d903f840a6c548e6868cd3f67ea794e57108c313321553
    name: jq
    evr: 1.6-15.el9
  - url: https://cdn-ubi.redhat.com/content/public/ubi/dist/ubi9/9/x86_64/appstream/source/SRPMS/Packages/o/oniguruma-6.9.6-1.el9.5.src.rpm
    repoid: ubi-9-for-x86_64-appstream-source-rpms
    size: 934541
    checksum: sha256:cba17754ccaffd886995aec7f152aadbc5d9932a2a2cdf1d983291c7b2838404
    name: oniguruma
    evr: 6.9.6-1.el9.5
  - url: https://cdn-ubi.redhat.com/content/public/ubi/dist/ubi9/9/x86_64/baseos/source/SRPMS/Packages/g/gzip-1.12-1.el9.src.rpm
    repoid: ubi-9-for-x86_64-baseos-source-rpms
    size: 856147
    checksum: sha256:a05f582ec42e89258ee5e10af96dee4300bcb2a6a69a76bfb5b46f79e6a6a47b
    name: gzip
    evr: 1.12-1.el9
  module_metadata: []
