{
  "name": "@hacbs-contract/ec-cli-website",
  "version": "0.0.0",
  "lockfileVersion": 2,
  "requires": true,
  "packages": {
    "": {
      "name": "@hacbs-contract/ec-cli-website",
      "version": "0.0.0",
      "license": "Apache-2.0",
      "devDependencies": {
        "@zregvart/reference-antora-extension": "latest"
      }
    },
    "node_modules/@zregvart/reference-antora-extension": {
      "version": "0.0.1-d37aa2c209d96c3f899416f9a84d30b058e5b513.0",
      "resolved": "https://npm.pkg.github.com/download/@zregvart/reference-antora-extension/0.0.1-d37aa2c209d96c3f899416f9a84d30b058e5b513.0/d7370ad33e9f3d79720a9e8df6e6fd6718a35b82192d8a256f31507dc5edc1d2",
      "integrity": "sha512-hP1C+mpEtTwzrBl8oQZUkjVITlrERSGlmZ3j6xsOMC5Zfsnp6KO4TSknH11JtEawA/mgmFRw3qlkl0okX/m4+Q==",
      "dev": true,
      "license": "Apache-2.0"
    }
  },
  "dependencies": {
    "@zregvart/reference-antora-extension": {
      "version": "0.0.1-d37aa2c209d96c3f899416f9a84d30b058e5b513.0",
      "resolved": "https://npm.pkg.github.com/download/@zregvart/reference-antora-extension/0.0.1-d37aa2c209d96c3f899416f9a84d30b058e5b513.0/d7370ad33e9f3d79720a9e8df6e6fd6718a35b82192d8a256f31507dc5edc1d2",
      "integrity": "sha512-hP1C+mpEtTwzrBl8oQZUkjVITlrERSGlmZ3j6xsOMC5Zfsnp6KO4TSknH11JtEawA/mgmFRw3qlkl0okX/m4+Q==",
      "dev": true
    }
  }
}
